
Microsoft Visual Studio Solution File, Format Version 12.00
# Visual Studio 15
VisualStudioVersion = 15.0.28307.572
MinimumVisualStudioVersion = 10.0.40219.1
Project("{FAE04EC0-301F-11D3-BF4B-00C04F79EFBC}") = "Homework4", "Homework4\Homework4.csproj", "{E3C39888-A1C0-41EC-A6D9-036082522F46}"
EndProject
Project("{FAE04EC0-301F-11D3-BF4B-00C04F79EFBC}") = "Transaction.Tests", "Tests\Transaction.Tests.csproj", "{5CFB3431-0F89-451B-80EC-91F25D9EAD27}"
EndProject
Global
	GlobalSection(SolutionConfigurationPlatforms) = preSolution
		Debug|Any CPU = Debug|Any CPU
		Release|Any CPU = Release|Any CPU
	EndGlobalSection
	GlobalSection(ProjectConfigurationPlatforms) = postSolution
		{E3C39888-A1C0-41EC-A6D9-036082522F46}.Debug|Any CPU.ActiveCfg = Debug|Any CPU
		{E3C39888-A1C0-41EC-A6D9-036082522F46}.Debug|Any CPU.Build.0 = Debug|Any CPU
		{E3C39888-A1C0-41EC-A6D9-036082522F46}.Release|Any CPU.ActiveCfg = Release|Any CPU
		{E3C39888-A1C0-41EC-A6D9-036082522F46}.Release|Any CPU.Build.0 = Release|Any CPU
		{5CFB3431-0F89-451B-80EC-91F25D9EAD27}.Debug|Any CPU.ActiveCfg = Debug|Any CPU
		{5CFB3431-0F89-451B-80EC-91F25D9EAD27}.Debug|Any CPU.Build.0 = Debug|Any CPU
		{5CFB3431-0F89-451B-80EC-91F25D9EAD27}.Release|Any CPU.ActiveCfg = Release|Any CPU
		{5CFB3431-0F89-451B-80EC-91F25D9EAD27}.Release|Any CPU.Build.0 = Release|Any CPU
	EndGlobalSection
	GlobalSection(SolutionProperties) = preSolution
		HideSolutionNode = FALSE
	EndGlobalSection
	GlobalSection(ExtensibilityGlobals) = postSolution
		SolutionGuid = {C6BCA32D-9CC8-4FB1-843C-853BE68BEC42}
	EndGlobalSection
EndGlobal
